
Microsoft Visual Studio Solution File, Format Version 12.00
# Visual Studio 15
Project("{FAE04EC0-301F-11D3-BF4B-00C04F79EFBC}") = "Assembly-CSharp", "Assembly-CSharp.csproj", "{DA4AEE93-496F-A550-62D9-3ABD042854C3}"
EndProject
Global
	GlobalSection(SolutionConfigurationPlatforms) = preSolution
		Debug|Any CPU = Debug|Any CPU
		Release|Any CPU = Release|Any CPU
	EndGlobalSection
	GlobalSection(ProjectConfigurationPlatforms) = postSolution
		{DA4AEE93-496F-A550-62D9-3ABD042854C3}.Debug|Any CPU.ActiveCfg = Debug|Any CPU
		{DA4AEE93-496F-A550-62D9-3ABD042854C3}.Debug|Any CPU.Build.0 = Debug|Any CPU
		{DA4AEE93-496F-A550-62D9-3ABD042854C3}.Release|Any CPU.ActiveCfg = Release|Any CPU
		{DA4AEE93-496F-A550-62D9-3ABD042854C3}.Release|Any CPU.Build.0 = Release|Any CPU
	EndGlobalSection
	GlobalSection(SolutionProperties) = preSolution
		HideSolutionNode = FALSE
	EndGlobalSection
EndGlobal
